{
  "name": "wizpro-tools",
  "version": "0.0.1",
  "lockfileVersion": 3,
  "requires": true,
  "packages": {
    "": {
      "name": "wizpro-tools",
      "version": "0.0.1",
      "dependencies": {
        "tslib": "^2.3.0"
      },
      "peerDependencies": {
        "@angular-architects/module-federation-tools": "17.0.1",
        "jwt-decode": "^3.1.2"
      }
    },
    "node_modules/@angular-architects/module-federation": {
      "version": "17.0.4",
      "resolved": "https://registry.npmjs.org/@angular-architects/module-federation/-/module-federation-17.0.4.tgz",
      "integrity": "sha512-bQQktC3IjmOI9eCAjO15x4v5a45OnjvDiOmvtZjgTnI6f0Gv6Ovi5u1p73wufoftAOUefI6WH5nvYoC5tj44/Q==",
      "peer": true,
      "dependencies": {
        "@angular-architects/module-federation-runtime": "17.0.4",
        "callsite": "^1.0.0",
        "node-fetch": "^2.6.7",
        "semver": "^7.3.5",
        "word-wrap": "^1.2.3"
      }
    },
    "node_modules/@angular-architects/module-federation-runtime": {
      "version": "17.0.4",
      "resolved": "https://registry.npmjs.org/@angular-architects/module-federation-runtime/-/module-federation-runtime-17.0.4.tgz",
      "integrity": "sha512-30nDaAVdxdk5azoPRe9WW3fSjaJS0WywaieCvT2VuGoANGcRvKH9Flc1DGArYpV46UrJSnhlt2+PzhpTNd+/Tw==",
      "peer": true,
      "dependencies": {
        "tslib": "^2.0.0"
      },
      "peerDependencies": {
        "@angular/common": ">=17.0.0",
        "@angular/core": ">=17.0.0"
      }
    },
    "node_modules/@angular-architects/module-federation-tools": {
      "version": "17.0.1",
      "resolved": "https://registry.npmjs.org/@angular-architects/module-federation-tools/-/module-federation-tools-17.0.1.tgz",
      "integrity": "sha512-+xjfQJ1gsFT88dNYNT69c/F9GWdMieCkpElcI0dr3EWs7drQtDr3oeuQNNWtCiQ6ZN+k9T7nz6MJ6FbJ9IZOCg==",
      "peer": true,
      "dependencies": {
        "tslib": "^2.0.0"
      },
      "peerDependencies": {
        "@angular-architects/module-federation": "^17.0.0",
        "@angular/common": ">=17.0.0",
        "@angular/core": ">=17.0.0",
        "@angular/platform-browser": ">=17.0.0",
        "@angular/router": ">=17.0.0",
        "rxjs": ">= 6.0.0"
      }
    },
    "node_modules/@angular/common": {
      "version": "17.1.3",
      "resolved": "https://registry.npmjs.org/@angular/common/-/common-17.1.3.tgz",
      "integrity": "sha512-AzLzoNSeRSNGBQk0K+iG0XdYG36SDeJqYqE8rfoiWuv1NDFLL05UJM2/fQfaMNg0oX5bHOlHUqHFj3sFR/NVpw==",
      "peer": true,
      "dependencies": {
        "tslib": "^2.3.0"
      },
      "engines": {
        "node": "^18.13.0 || >=20.9.0"
      },
      "peerDependencies": {
        "@angular/core": "17.1.3",
        "rxjs": "^6.5.3 || ^7.4.0"
      }
    },
    "node_modules/@angular/core": {
      "version": "17.1.3",
      "resolved": "https://registry.npmjs.org/@angular/core/-/core-17.1.3.tgz",
      "integrity": "sha512-2lZ4DRHN8KJ/aQads+YXIcx5Ri9yyeFIlw69m5Pn7wAi/+Rakg7IsclgLaWs7aBtWwMHG7LnqFKxAVq7CjXKtA==",
      "peer": true,
      "dependencies": {
        "tslib": "^2.3.0"
      },
      "engines": {
        "node": "^18.13.0 || >=20.9.0"
      },
      "peerDependencies": {
        "rxjs": "^6.5.3 || ^7.4.0",
        "zone.js": "~0.14.0"
      }
    },
    "node_modules/@angular/platform-browser": {
      "version": "17.1.3",
      "resolved": "https://registry.npmjs.org/@angular/platform-browser/-/platform-browser-17.1.3.tgz",
      "integrity": "sha512-onPCvdk9f/6OhOo2zP6nfGKpzLma1QIxpFqD3jymbmIJTcVMOOQDMYW3eLtY+uSX8ribcJ7GQcbDGIM4rliTFg==",
      "peer": true,
      "dependencies": {
        "tslib": "^2.3.0"
      },
      "engines": {
        "node": "^18.13.0 || >=20.9.0"
      },
      "peerDependencies": {
        "@angular/animations": "17.1.3",
        "@angular/common": "17.1.3",
        "@angular/core": "17.1.3"
      },
      "peerDependenciesMeta": {
        "@angular/animations": {
          "optional": true
        }
      }
    },
    "node_modules/@angular/router": {
      "version": "17.1.3",
      "resolved": "https://registry.npmjs.org/@angular/router/-/router-17.1.3.tgz",
      "integrity": "sha512-6HigdtFjm+76UU2hiLGLE2SpOecQhD6TnAVTocDuRitpN5m0dyiffBrqxarfNwoZuMdIiXyqClJR4JRo1rJjoQ==",
      "peer": true,
      "dependencies": {
        "tslib": "^2.3.0"
      },
      "engines": {
        "node": "^18.13.0 || >=20.9.0"
      },
      "peerDependencies": {
        "@angular/common": "17.1.3",
        "@angular/core": "17.1.3",
        "@angular/platform-browser": "17.1.3",
        "rxjs": "^6.5.3 || ^7.4.0"
      }
    },
    "node_modules/callsite": {
      "version": "1.0.0",
      "resolved": "https://registry.npmjs.org/callsite/-/callsite-1.0.0.tgz",
      "integrity": "sha512-0vdNRFXn5q+dtOqjfFtmtlI9N2eVZ7LMyEV2iKC5mEEFvSg/69Ml6b/WU2qF8W1nLRa0wiSrDT3Y5jOHZCwKPQ==",
      "peer": true,
      "engines": {
        "node": "*"
      }
    },
    "node_modules/jwt-decode": {
      "version": "3.1.2",
      "resolved": "https://registry.npmjs.org/jwt-decode/-/jwt-decode-3.1.2.tgz",
      "integrity": "sha512-UfpWE/VZn0iP50d8cz9NrZLM9lSWhcJ+0Gt/nm4by88UL+J1SiKN8/5dkjMmbEzwL2CAe+67GsegCbIKtbp75A==",
      "peer": true
    },
    "node_modules/lru-cache": {
      "version": "6.0.0",
      "resolved": "https://registry.npmjs.org/lru-cache/-/lru-cache-6.0.0.tgz",
      "integrity": "sha512-Jo6dJ04CmSjuznwJSS3pUeWmd/H0ffTlkXXgwZi+eq1UCmqQwCh+eLsYOYCwY991i2Fah4h1BEMCx4qThGbsiA==",
      "peer": true,
      "dependencies": {
        "yallist": "^4.0.0"
      },
      "engines": {
        "node": ">=10"
      }
    },
    "node_modules/node-fetch": {
      "version": "2.7.0",
      "resolved": "https://registry.npmjs.org/node-fetch/-/node-fetch-2.7.0.tgz",
      "integrity": "sha512-c4FRfUm/dbcWZ7U+1Wq0AwCyFL+3nt2bEw05wfxSz+DWpWsitgmSgYmy2dQdWyKC1694ELPqMs/YzUSNozLt8A==",
      "peer": true,
      "dependencies": {
        "whatwg-url": "^5.0.0"
      },
      "engines": {
        "node": "4.x || >=6.0.0"
      },
      "peerDependencies": {
        "encoding": "^0.1.0"
      },
      "peerDependenciesMeta": {
        "encoding": {
          "optional": true
        }
      }
    },
    "node_modules/rxjs": {
      "version": "7.8.1",
      "resolved": "https://registry.npmjs.org/rxjs/-/rxjs-7.8.1.tgz",
      "integrity": "sha512-AA3TVj+0A2iuIoQkWEK/tqFjBq2j+6PO6Y0zJcvzLAFhEFIO3HL0vls9hWLncZbAAbK0mar7oZ4V079I/qPMxg==",
      "peer": true,
      "dependencies": {
        "tslib": "^2.1.0"
      }
    },
    "node_modules/semver": {
      "version": "7.6.0",
      "resolved": "https://registry.npmjs.org/semver/-/semver-7.6.0.tgz",
      "integrity": "sha512-EnwXhrlwXMk9gKu5/flx5sv/an57AkRplG3hTK68W7FRDN+k+OWBj65M7719OkA82XLBxrcX0KSHj+X5COhOVg==",
      "peer": true,
      "dependencies": {
        "lru-cache": "^6.0.0"
      },
      "bin": {
        "semver": "bin/semver.js"
      },
      "engines": {
        "node": ">=10"
      }
    },
    "node_modules/tr46": {
      "version": "0.0.3",
      "resolved": "https://registry.npmjs.org/tr46/-/tr46-0.0.3.tgz",
      "integrity": "sha512-N3WMsuqV66lT30CrXNbEjx4GEwlow3v6rr4mCcv6prnfwhS01rkgyFdjPNBYd9br7LpXV1+Emh01fHnq2Gdgrw==",
      "peer": true
    },
    "node_modules/tslib": {
      "version": "2.6.2",
      "resolved": "https://registry.npmjs.org/tslib/-/tslib-2.6.2.tgz",
      "integrity": "sha512-AEYxH93jGFPn/a2iVAwW87VuUIkR1FVUKB77NwMF7nBTDkDrrT/Hpt/IrCJ0QXhW27jTBDcf5ZY7w6RiqTMw2Q=="
    },
    "node_modules/webidl-conversions": {
      "version": "3.0.1",
      "resolved": "https://registry.npmjs.org/webidl-conversions/-/webidl-conversions-3.0.1.tgz",
      "integrity": "sha512-2JAn3z8AR6rjK8Sm8orRC0h/bcl/DqL7tRPdGZ4I1CjdF+EaMLmYxBHyXuKL849eucPFhvBoxMsflfOb8kxaeQ==",
      "peer": true
    },
    "node_modules/whatwg-url": {
      "version": "5.0.0",
      "resolved": "https://registry.npmjs.org/whatwg-url/-/whatwg-url-5.0.0.tgz",
      "integrity": "sha512-saE57nupxk6v3HY35+jzBwYa0rKSy0XR8JSxZPwgLr7ys0IBzhGviA1/TUGJLmSVqs8pb9AnvICXEuOHLprYTw==",
      "peer": true,
      "dependencies": {
        "tr46": "~0.0.3",
        "webidl-conversions": "^3.0.0"
      }
    },
    "node_modules/word-wrap": {
      "version": "1.2.5",
      "resolved": "https://registry.npmjs.org/word-wrap/-/word-wrap-1.2.5.tgz",
      "integrity": "sha512-BN22B5eaMMI9UMtjrGd5g5eCYPpCPDUy0FJXbYsaT5zYxjFOckS53SQDE3pWkVoWpHXVb3BrYcEN4Twa55B5cA==",
      "peer": true,
      "engines": {
        "node": ">=0.10.0"
      }
    },
    "node_modules/yallist": {
      "version": "4.0.0",
      "resolved": "https://registry.npmjs.org/yallist/-/yallist-4.0.0.tgz",
      "integrity": "sha512-3wdGidZyq5PB084XLES5TpOSRA3wjXAlIWMhum2kRcv/41Sn2emQ0dycQW4uZXLejwKvg6EsvbdlVL+FYEct7A==",
      "peer": true
    },
    "node_modules/zone.js": {
      "version": "0.14.3",
      "resolved": "https://registry.npmjs.org/zone.js/-/zone.js-0.14.3.tgz",
      "integrity": "sha512-jYoNqF046Q+JfcZSItRSt+oXFcpXL88yq7XAZjb/NKTS7w2hHpKjRJ3VlFD1k75wMaRRXNUt5vrZVlygiMyHbA==",
      "peer": true,
      "dependencies": {
        "tslib": "^2.3.0"
      }
    }
  }
}
